// !$*UTF8*$!
{
	archiveVersion = 1;
	classes = {
	};
	objectVersion = 50;
	objects = {

/* Begin PBXBuildFile section */
		32093771222EFE96002BF2B8 /* SimplePlaygroundElementViewCell.swift in Sources */ = {isa = PBXBuildFile; fileRef = 32093770222EFE96002BF2B8 /* SimplePlaygroundElementViewCell.swift */; };
		3220FB3821B2723800294B3F /* Playground.swift in Sources */ = {isa = PBXBuildFile; fileRef = 3220FB3721B2723800294B3F /* Playground.swift */; };
		3220FB3B21B272CD00294B3F /* PlaygroundAnnotation.swift in Sources */ = {isa = PBXBuildFile; fileRef = 3220FB3A21B272CD00294B3F /* PlaygroundAnnotation.swift */; };
		3220FB3E21B2795500294B3F /* CustomImageAnnotationView.swift in Sources */ = {isa = PBXBuildFile; fileRef = 3220FB3D21B2795500294B3F /* CustomImageAnnotationView.swift */; };
		3220FB4021B27D4400294B3F /* PlaygroundViewController.swift in Sources */ = {isa = PBXBuildFile; fileRef = 3220FB3F21B27D4400294B3F /* PlaygroundViewController.swift */; };
		322924BE21B2CE1F00F3ECDB /* PlaygroundElementViewController.swift in Sources */ = {isa = PBXBuildFile; fileRef = 322924BD21B2CE1F00F3ECDB /* PlaygroundElementViewController.swift */; };
		322924C121B2CF0D00F3ECDB /* PlaygroundElementViewCell.swift in Sources */ = {isa = PBXBuildFile; fileRef = 322924C021B2CF0D00F3ECDB /* PlaygroundElementViewCell.swift */; };
		322924C321B2D2D800F3ECDB /* PlaygroundElement.swift in Sources */ = {isa = PBXBuildFile; fileRef = 322924C221B2D2D800F3ECDB /* PlaygroundElement.swift */; };
		322924C521B2DBB600F3ECDB /* ColumnFlowLayout.swift in Sources */ = {isa = PBXBuildFile; fileRef = 322924C421B2DBB600F3ECDB /* ColumnFlowLayout.swift */; };
		3240CAAE217E36E7003F4BDE /* AppDelegate.swift in Sources */ = {isa = PBXBuildFile; fileRef = 3240CAAD217E36E7003F4BDE /* AppDelegate.swift */; };
		3240CAB0217E36E7003F4BDE /* ViewController.swift in Sources */ = {isa = PBXBuildFile; fileRef = 3240CAAF217E36E7003F4BDE /* ViewController.swift */; };
		3240CAB3217E36E7003F4BDE /* Main.storyboard in Resources */ = {isa = PBXBuildFile; fileRef = 3240CAB1217E36E7003F4BDE /* Main.storyboard */; };
		3240CAB8217E36E9003F4BDE /* LaunchScreen.storyboard in Resources */ = {isa = PBXBuildFile; fileRef = 3240CAB6217E36E9003F4BDE /* LaunchScreen.storyboard */; };
		3240CAC3217E36E9003F4BDE /* Borken_PlaygroundsTests.swift in Sources */ = {isa = PBXBuildFile; fileRef = 3240CAC2217E36E9003F4BDE /* Borken_PlaygroundsTests.swift */; };
		3240CACE217E36E9003F4BDE /* Borken_PlaygroundsUITests.swift in Sources */ = {isa = PBXBuildFile; fileRef = 3240CACD217E36E9003F4BDE /* Borken_PlaygroundsUITests.swift */; };
		3260345A223402ED009D75A4 /* User.swift in Sources */ = {isa = PBXBuildFile; fileRef = 32603459223402ED009D75A4 /* User.swift */; };
		3260345C2234244E009D75A4 /* AvatarAnnotation.swift in Sources */ = {isa = PBXBuildFile; fileRef = 3260345B2234244E009D75A4 /* AvatarAnnotation.swift */; };
		3260345E22342474009D75A4 /* CustomAvatarAnnotationView.swift in Sources */ = {isa = PBXBuildFile; fileRef = 3260345D22342474009D75A4 /* CustomAvatarAnnotationView.swift */; };
		327C98A421BAB85800F19F2C /* Kidsn.ttf in Resources */ = {isa = PBXBuildFile; fileRef = 327C98A321BAB85000F19F2C /* Kidsn.ttf */; };
		328C2FA8223AC3C900206376 /* Assets.xcassets in Resources */ = {isa = PBXBuildFile; fileRef = 328C2FA7223AC3C900206376 /* Assets.xcassets */; };
		328C2FAA223AC6D800206376 /* SimpleWebViewController.swift in Sources */ = {isa = PBXBuildFile; fileRef = 328C2FA9223AC6D800206376 /* SimpleWebViewController.swift */; };
		32F156622235305E0035FA38 /* RemoteConfigDefaults.plist in Resources */ = {isa = PBXBuildFile; fileRef = 32F156612235305E0035FA38 /* RemoteConfigDefaults.plist */; };
		32F15664223538900035FA38 /* PlaygroundNotifications.swift in Sources */ = {isa = PBXBuildFile; fileRef = 32F15663223538900035FA38 /* PlaygroundNotifications.swift */; };
		32F1566622353B450035FA38 /* AvatarSettings.swift in Sources */ = {isa = PBXBuildFile; fileRef = 32F1566522353B450035FA38 /* AvatarSettings.swift */; };
		32F15668223542C20035FA38 /* SettingsViewController.swift in Sources */ = {isa = PBXBuildFile; fileRef = 32F15667223542C20035FA38 /* SettingsViewController.swift */; };
		32F1566A2235436A0035FA38 /* Settings.bundle in Resources */ = {isa = PBXBuildFile; fileRef = 32F156692235436A0035FA38 /* Settings.bundle */; };
		32F1566D223543910035FA38 /* SettingsBundleHelper.swift in Sources */ = {isa = PBXBuildFile; fileRef = 32F1566C223543910035FA38 /* SettingsBundleHelper.swift */; };
		32F1566F223546580035FA38 /* AvatarViewController.swift in Sources */ = {isa = PBXBuildFile; fileRef = 32F1566E223546580035FA38 /* AvatarViewController.swift */; };
		32F2B9DA21B1A6C6004438DA /* GoogleService-Info.plist in Resources */ = {isa = PBXBuildFile; fileRef = 32F2B9D921B1A6C6004438DA /* GoogleService-Info.plist */; };
		551566F374467C0FF933B7DD /* Pods_Borken_PlaygroundsUITests.framework in Frameworks */ = {isa = PBXBuildFile; fileRef = 574018664D50E988E8EFDCF8 /* Pods_Borken_PlaygroundsUITests.framework */; };
		B6B8BA1B027299EEAC3CE245 /* Pods_Borken_PlaygroundsTests.framework in Frameworks */ = {isa = PBXBuildFile; fileRef = A92F2AB2887953A666C70297 /* Pods_Borken_PlaygroundsTests.framework */; };
		F8C5632CA255C5D235147C0D /* Pods_Borken_Playgrounds.framework in Frameworks */ = {isa = PBXBuildFile; fileRef = A21C59138E992DF02B071B4B /* Pods_Borken_Playgrounds.framework */; };
/* End PBXBuildFile section */

/* Begin PBXContainerItemProxy section */
		3240CABF217E36E9003F4BDE /* PBXContainerItemProxy */ = {
			isa = PBXContainerItemProxy;
			containerPortal = 3240CAA2217E36E7003F4BDE /* Project object */;
			proxyType = 1;
			remoteGlobalIDString = 3240CAA9217E36E7003F4BDE;
			remoteInfo = "Borken Playgrounds";
		};
		3240CACA217E36E9003F4BDE /* PBXContainerItemProxy */ = {
			isa = PBXContainerItemProxy;
			containerPortal = 3240CAA2217E36E7003F4BDE /* Project object */;
			proxyType = 1;
			remoteGlobalIDString = 3240CAA9217E36E7003F4BDE;
			remoteInfo = "Borken Playgrounds";
		};
/* End PBXContainerItemProxy section */

/* Begin PBXFileReference section */
		32093770222EFE96002BF2B8 /* SimplePlaygroundElementViewCell.swift */ = {isa = PBXFileReference; fileEncoding = 4; lastKnownFileType = sourcecode.swift; path = SimplePlaygroundElementViewCell.swift; sourceTree = "<group>"; };
		3220FB3721B2723800294B3F /* Playground.swift */ = {isa = PBXFileReference; lastKnownFileType = sourcecode.swift; path = Playground.swift; sourceTree = "<group>"; };
		3220FB3A21B272CD00294B3F /* PlaygroundAnnotation.swift */ = {isa = PBXFileReference; lastKnownFileType = sourcecode.swift; path = PlaygroundAnnotation.swift; sourceTree = "<group>"; };
		3220FB3D21B2795500294B3F /* CustomImageAnnotationView.swift */ = {isa = PBXFileReference; lastKnownFileType = sourcecode.swift; path = CustomImageAnnotationView.swift; sourceTree = "<group>"; };
		3220FB3F21B27D4400294B3F /* PlaygroundViewController.swift */ = {isa = PBXFileReference; lastKnownFileType = sourcecode.swift; path = PlaygroundViewController.swift; sourceTree = "<group>"; };
		322924BD21B2CE1F00F3ECDB /* PlaygroundElementViewController.swift */ = {isa = PBXFileReference; lastKnownFileType = sourcecode.swift; path = PlaygroundElementViewController.swift; sourceTree = "<group>"; };
		322924C021B2CF0D00F3ECDB /* PlaygroundElementViewCell.swift */ = {isa = PBXFileReference; lastKnownFileType = sourcecode.swift; path = PlaygroundElementViewCell.swift; sourceTree = "<group>"; };
		322924C221B2D2D800F3ECDB /* PlaygroundElement.swift */ = {isa = PBXFileReference; lastKnownFileType = sourcecode.swift; path = PlaygroundElement.swift; sourceTree = "<group>"; };
		322924C421B2DBB600F3ECDB /* ColumnFlowLayout.swift */ = {isa = PBXFileReference; lastKnownFileType = sourcecode.swift; path = ColumnFlowLayout.swift; sourceTree = "<group>"; };
		3240CAAA217E36E7003F4BDE /* Borken Playgrounds.app */ = {isa = PBXFileReference; explicitFileType = wrapper.application; includeInIndex = 0; path = "Borken Playgrounds.app"; sourceTree = BUILT_PRODUCTS_DIR; };
		3240CAAD217E36E7003F4BDE /* AppDelegate.swift */ = {isa = PBXFileReference; lastKnownFileType = sourcecode.swift; path = AppDelegate.swift; sourceTree = "<group>"; };
		3240CAAF217E36E7003F4BDE /* ViewController.swift */ = {isa = PBXFileReference; lastKnownFileType = sourcecode.swift; path = ViewController.swift; sourceTree = "<group>"; };
		3240CAB2217E36E7003F4BDE /* Base */ = {isa = PBXFileReference; lastKnownFileType = file.storyboard; name = Base; path = Base.lproj/Main.storyboard; sourceTree = "<group>"; };
		3240CAB7217E36E9003F4BDE /* Base */ = {isa = PBXFileReference; lastKnownFileType = file.storyboard; name = Base; path = Base.lproj/LaunchScreen.storyboard; sourceTree = "<group>"; };
		3240CAB9217E36E9003F4BDE /* Info.plist */ = {isa = PBXFileReference; lastKnownFileType = text.plist.xml; path = Info.plist; sourceTree = "<group>"; };
		3240CABE217E36E9003F4BDE /* Borken PlaygroundsTests.xctest */ = {isa = PBXFileReference; explicitFileType = wrapper.cfbundle; includeInIndex = 0; path = "Borken PlaygroundsTests.xctest"; sourceTree = BUILT_PRODUCTS_DIR; };
		3240CAC2217E36E9003F4BDE /* Borken_PlaygroundsTests.swift */ = {isa = PBXFileReference; lastKnownFileType = sourcecode.swift; path = Borken_PlaygroundsTests.swift; sourceTree = "<group>"; };
		3240CAC4217E36E9003F4BDE /* Info.plist */ = {isa = PBXFileReference; lastKnownFileType = text.plist.xml; path = Info.plist; sourceTree = "<group>"; };
		3240CAC9217E36E9003F4BDE /* Borken PlaygroundsUITests.xctest */ = {isa = PBXFileReference; explicitFileType = wrapper.cfbundle; includeInIndex = 0; path = "Borken PlaygroundsUITests.xctest"; sourceTree = BUILT_PRODUCTS_DIR; };
		3240CACD217E36E9003F4BDE /* Borken_PlaygroundsUITests.swift */ = {isa = PBXFileReference; lastKnownFileType = sourcecode.swift; path = Borken_PlaygroundsUITests.swift; sourceTree = "<group>"; };
		3240CACF217E36E9003F4BDE /* Info.plist */ = {isa = PBXFileReference; lastKnownFileType = text.plist.xml; path = Info.plist; sourceTree = "<group>"; };
		32603459223402ED009D75A4 /* User.swift */ = {isa = PBXFileReference; fileEncoding = 4; lastKnownFileType = sourcecode.swift; path = User.swift; sourceTree = "<group>"; };
		3260345B2234244E009D75A4 /* AvatarAnnotation.swift */ = {isa = PBXFileReference; lastKnownFileType = sourcecode.swift; path = AvatarAnnotation.swift; sourceTree = "<group>"; };
		3260345D22342474009D75A4 /* CustomAvatarAnnotationView.swift */ = {isa = PBXFileReference; lastKnownFileType = sourcecode.swift; path = CustomAvatarAnnotationView.swift; sourceTree = "<group>"; };
		327C98A321BAB85000F19F2C /* Kidsn.ttf */ = {isa = PBXFileReference; lastKnownFileType = file; path = Kidsn.ttf; sourceTree = "<group>"; };
		328C2FA7223AC3C900206376 /* Assets.xcassets */ = {isa = PBXFileReference; lastKnownFileType = folder.assetcatalog; path = Assets.xcassets; sourceTree = "<group>"; };
		328C2FA9223AC6D800206376 /* SimpleWebViewController.swift */ = {isa = PBXFileReference; lastKnownFileType = sourcecode.swift; path = SimpleWebViewController.swift; sourceTree = "<group>"; };
		32F156612235305E0035FA38 /* RemoteConfigDefaults.plist */ = {isa = PBXFileReference; lastKnownFileType = text.plist.xml; path = RemoteConfigDefaults.plist; sourceTree = "<group>"; };
		32F15663223538900035FA38 /* PlaygroundNotifications.swift */ = {isa = PBXFileReference; lastKnownFileType = sourcecode.swift; path = PlaygroundNotifications.swift; sourceTree = "<group>"; };
		32F1566522353B450035FA38 /* AvatarSettings.swift */ = {isa = PBXFileReference; lastKnownFileType = sourcecode.swift; path = AvatarSettings.swift; sourceTree = "<group>"; };
		32F15667223542C20035FA38 /* SettingsViewController.swift */ = {isa = PBXFileReference; lastKnownFileType = sourcecode.swift; path = SettingsViewController.swift; sourceTree = "<group>"; };
		32F156692235436A0035FA38 /* Settings.bundle */ = {isa = PBXFileReference; lastKnownFileType = "wrapper.plug-in"; path = Settings.bundle; sourceTree = "<group>"; };
		32F1566C223543910035FA38 /* SettingsBundleHelper.swift */ = {isa = PBXFileReference; lastKnownFileType = sourcecode.swift; path = SettingsBundleHelper.swift; sourceTree = "<group>"; };
		32F1566E223546580035FA38 /* AvatarViewController.swift */ = {isa = PBXFileReference; lastKnownFileType = sourcecode.swift; path = AvatarViewController.swift; sourceTree = "<group>"; };
		32F2B9D921B1A6C6004438DA /* GoogleService-Info.plist */ = {isa = PBXFileReference; fileEncoding = 4; lastKnownFileType = text.plist.xml; path = "GoogleService-Info.plist"; sourceTree = "<group>"; };
		3BA623A4AA1A0484E7192B89 /* Pods-Borken PlaygroundsUITests.debug.xcconfig */ = {isa = PBXFileReference; includeInIndex = 1; lastKnownFileType = text.xcconfig; name = "Pods-Borken PlaygroundsUITests.debug.xcconfig"; path = "Pods/Target Support Files/Pods-Borken PlaygroundsUITests/Pods-Borken PlaygroundsUITests.debug.xcconfig"; sourceTree = "<group>"; };
		4C2CED1DBE7DC78AEE467374 /* Pods-Borken Playgrounds.release.xcconfig */ = {isa = PBXFileReference; includeInIndex = 1; lastKnownFileType = text.xcconfig; name = "Pods-Borken Playgrounds.release.xcconfig"; path = "Pods/Target Support Files/Pods-Borken Playgrounds/Pods-Borken Playgrounds.release.xcconfig"; sourceTree = "<group>"; };
		574018664D50E988E8EFDCF8 /* Pods_Borken_PlaygroundsUITests.framework */ = {isa = PBXFileReference; explicitFileType = wrapper.framework; includeInIndex = 0; path = Pods_Borken_PlaygroundsUITests.framework; sourceTree = BUILT_PRODUCTS_DIR; };
		6C5035227F7BF33653A3989F /* Pods-Borken PlaygroundsTests.debug.xcconfig */ = {isa = PBXFileReference; includeInIndex = 1; lastKnownFileType = text.xcconfig; name = "Pods-Borken PlaygroundsTests.debug.xcconfig"; path = "Pods/Target Support Files/Pods-Borken PlaygroundsTests/Pods-Borken PlaygroundsTests.debug.xcconfig"; sourceTree = "<group>"; };
		A21C59138E992DF02B071B4B /* Pods_Borken_Playgrounds.framework */ = {isa = PBXFileReference; explicitFileType = wrapper.framework; includeInIndex = 0; path = Pods_Borken_Playgrounds.framework; sourceTree = BUILT_PRODUCTS_DIR; };
		A92F2AB2887953A666C70297 /* Pods_Borken_PlaygroundsTests.framework */ = {isa = PBXFileReference; explicitFileType = wrapper.framework; includeInIndex = 0; path = Pods_Borken_PlaygroundsTests.framework; sourceTree = BUILT_PRODUCTS_DIR; };
		B0DDA573B27C52F31917CBD2 /* Pods-Borken PlaygroundsUITests.release.xcconfig */ = {isa = PBXFileReference; includeInIndex = 1; lastKnownFileType = text.xcconfig; name = "Pods-Borken PlaygroundsUITests.release.xcconfig"; path = "Pods/Target Support Files/Pods-Borken PlaygroundsUITests/Pods-Borken PlaygroundsUITests.release.xcconfig"; sourceTree = "<group>"; };
		B9D38EE033A8B5B0C2935A89 /* Pods-Borken PlaygroundsTests.release.xcconfig */ = {isa = PBXFileReference; includeInIndex = 1; lastKnownFileType = text.xcconfig; name = "Pods-Borken PlaygroundsTests.release.xcconfig"; path = "Pods/Target Support Files/Pods-Borken PlaygroundsTests/Pods-Borken PlaygroundsTests.release.xcconfig"; sourceTree = "<group>"; };
		EFBFA8B752855947A449B546 /* Pods-Borken Playgrounds.debug.xcconfig */ = {isa = PBXFileReference; includeInIndex = 1; lastKnownFileType = text.xcconfig; name = "Pods-Borken Playgrounds.debug.xcconfig"; path = "Pods/Target Support Files/Pods-Borken Playgrounds/Pods-Borken Playgrounds.debug.xcconfig"; sourceTree = "<group>"; };
/* End PBXFileReference section */

/* Begin PBXFrameworksBuildPhase section */
		3240CAA7217E36E7003F4BDE /* Frameworks */ = {
			isa = PBXFrameworksBuildPhase;
			buildActionMask = 2147483647;
			files = (
				F8C5632CA255C5D235147C0D /* Pods_Borken_Playgrounds.framework in Frameworks */,
			);
			runOnlyForDeploymentPostprocessing = 0;
		};
		3240CABB217E36E9003F4BDE /* Frameworks */ = {
			isa = PBXFrameworksBuildPhase;
			buildActionMask = 2147483647;
			files = (
				B6B8BA1B027299EEAC3CE245 /* Pods_Borken_PlaygroundsTests.framework in Frameworks */,
			);
			runOnlyForDeploymentPostprocessing = 0;
		};
		3240CAC6217E36E9003F4BDE /* Frameworks */ = {
			isa = PBXFrameworksBuildPhase;
			buildActionMask = 2147483647;
			files = (
				551566F374467C0FF933B7DD /* Pods_Borken_PlaygroundsUITests.framework in Frameworks */,
			);
			runOnlyForDeploymentPostprocessing = 0;
		};
/* End PBXFrameworksBuildPhase section */

/* Begin PBXGroup section */
		31335089298F35A98C06A672 /* Pods */ = {
			isa = PBXGroup;
			children = (
				EFBFA8B752855947A449B546 /* Pods-Borken Playgrounds.debug.xcconfig */,
				4C2CED1DBE7DC78AEE467374 /* Pods-Borken Playgrounds.release.xcconfig */,
				6C5035227F7BF33653A3989F /* Pods-Borken PlaygroundsTests.debug.xcconfig */,
				B9D38EE033A8B5B0C2935A89 /* Pods-Borken PlaygroundsTests.release.xcconfig */,
				3BA623A4AA1A0484E7192B89 /* Pods-Borken PlaygroundsUITests.debug.xcconfig */,
				B0DDA573B27C52F31917CBD2 /* Pods-Borken PlaygroundsUITests.release.xcconfig */,
			);
			name = Pods;
			sourceTree = "<group>";
		};
		3220FB3621B2722300294B3F /* Models */ = {
			isa = PBXGroup;
			children = (
				32603459223402ED009D75A4 /* User.swift */,
				3220FB3721B2723800294B3F /* Playground.swift */,
				322924C221B2D2D800F3ECDB /* PlaygroundElement.swift */,
				32F15663223538900035FA38 /* PlaygroundNotifications.swift */,
				32F1566522353B450035FA38 /* AvatarSettings.swift */,
			);
			path = Models;
			sourceTree = "<group>";
		};
		3220FB3921B272BF00294B3F /* Mapbox */ = {
			isa = PBXGroup;
			children = (
				3220FB3A21B272CD00294B3F /* PlaygroundAnnotation.swift */,
				3260345B2234244E009D75A4 /* AvatarAnnotation.swift */,
				3220FB3D21B2795500294B3F /* CustomImageAnnotationView.swift */,
				3260345D22342474009D75A4 /* CustomAvatarAnnotationView.swift */,
			);
			path = Mapbox;
			sourceTree = "<group>";
		};
		3220FB3C21B276EE00294B3F /* Controller */ = {
			isa = PBXGroup;
			children = (
				3240CAAF217E36E7003F4BDE /* ViewController.swift */,
				3220FB3F21B27D4400294B3F /* PlaygroundViewController.swift */,
				322924BD21B2CE1F00F3ECDB /* PlaygroundElementViewController.swift */,
				32F15667223542C20035FA38 /* SettingsViewController.swift */,
				32F1566E223546580035FA38 /* AvatarViewController.swift */,
				328C2FA9223AC6D800206376 /* SimpleWebViewController.swift */,
			);
			path = Controller;
			sourceTree = "<group>";
		};
		322924BF21B2CEFC00F3ECDB /* Views */ = {
			isa = PBXGroup;
			children = (
				32093770222EFE96002BF2B8 /* SimplePlaygroundElementViewCell.swift */,
				322924C021B2CF0D00F3ECDB /* PlaygroundElementViewCell.swift */,
				322924C421B2DBB600F3ECDB /* ColumnFlowLayout.swift */,
			);
			path = Views;
			sourceTree = "<group>";
		};
		3240CAA1217E36E7003F4BDE = {
			isa = PBXGroup;
			children = (
				3240CAAC217E36E7003F4BDE /* Borken Playgrounds */,
				3240CAC1217E36E9003F4BDE /* Borken PlaygroundsTests */,
				3240CACC217E36E9003F4BDE /* Borken PlaygroundsUITests */,
				3240CAAB217E36E7003F4BDE /* Products */,
				31335089298F35A98C06A672 /* Pods */,
				457C4F9B4832264BAC3226D0 /* Frameworks */,
			);
			sourceTree = "<group>";
		};
		3240CAAB217E36E7003F4BDE /* Products */ = {
			isa = PBXGroup;
			children = (
				3240CAAA217E36E7003F4BDE /* Borken Playgrounds.app */,
				3240CABE217E36E9003F4BDE /* Borken PlaygroundsTests.xctest */,
				3240CAC9217E36E9003F4BDE /* Borken PlaygroundsUITests.xctest */,
			);
			name = Products;
			sourceTree = "<group>";
		};
		3240CAAC217E36E7003F4BDE /* Borken Playgrounds */ = {
			isa = PBXGroup;
			children = (
				32F156692235436A0035FA38 /* Settings.bundle */,
				32F1566B223543820035FA38 /* Helper */,
				327C98A221BAB84500F19F2C /* fonts */,
				322924BF21B2CEFC00F3ECDB /* Views */,
				3220FB3C21B276EE00294B3F /* Controller */,
				3220FB3921B272BF00294B3F /* Mapbox */,
				3220FB3621B2722300294B3F /* Models */,
				32F2B9D921B1A6C6004438DA /* GoogleService-Info.plist */,
				3240CAAD217E36E7003F4BDE /* AppDelegate.swift */,
				328C2FA7223AC3C900206376 /* Assets.xcassets */,
				3240CAB1217E36E7003F4BDE /* Main.storyboard */,
				3240CAB6217E36E9003F4BDE /* LaunchScreen.storyboard */,
				3240CAB9217E36E9003F4BDE /* Info.plist */,
				32F156612235305E0035FA38 /* RemoteConfigDefaults.plist */,
			);
			path = "Borken Playgrounds";
			sourceTree = "<group>";
		};
		3240CAC1217E36E9003F4BDE /* Borken PlaygroundsTests */ = {
			isa = PBXGroup;
			children = (
				3240CAC2217E36E9003F4BDE /* Borken_PlaygroundsTests.swift */,
				3240CAC4217E36E9003F4BDE /* Info.plist */,
			);
			path = "Borken PlaygroundsTests";
			sourceTree = "<group>";
		};
		3240CACC217E36E9003F4BDE /* Borken PlaygroundsUITests */ = {
			isa = PBXGroup;
			children = (
				3240CACD217E36E9003F4BDE /* Borken_PlaygroundsUITests.swift */,
				3240CACF217E36E9003F4BDE /* Info.plist */,
			);
			path = "Borken PlaygroundsUITests";
			sourceTree = "<group>";
		};
		327C98A221BAB84500F19F2C /* fonts */ = {
			isa = PBXGroup;
			children = (
				327C98A321BAB85000F19F2C /* Kidsn.ttf */,
			);
			path = fonts;
			sourceTree = "<group>";
		};
		32F1566B223543820035FA38 /* Helper */ = {
			isa = PBXGroup;
			children = (
				32F1566C223543910035FA38 /* SettingsBundleHelper.swift */,
			);
			path = Helper;
			sourceTree = "<group>";
		};
		457C4F9B4832264BAC3226D0 /* Frameworks */ = {
			isa = PBXGroup;
			children = (
				A21C59138E992DF02B071B4B /* Pods_Borken_Playgrounds.framework */,
				A92F2AB2887953A666C70297 /* Pods_Borken_PlaygroundsTests.framework */,
				574018664D50E988E8EFDCF8 /* Pods_Borken_PlaygroundsUITests.framework */,
			);
			name = Frameworks;
			sourceTree = "<group>";
		};
/* End PBXGroup section */

/* Begin PBXNativeTarget section */
		3240CAA9217E36E7003F4BDE /* Borken Playgrounds */ = {
			isa = PBXNativeTarget;
			buildConfigurationList = 3240CAD2217E36E9003F4BDE /* Build configuration list for PBXNativeTarget "Borken Playgrounds" */;
			buildPhases = (
				81D09D7EDC6DFA081D037025 /* [CP] Check Pods Manifest.lock */,
				3240CAA6217E36E7003F4BDE /* Sources */,
				3240CAA7217E36E7003F4BDE /* Frameworks */,
				3240CAA8217E36E7003F4BDE /* Resources */,
				482DD711926B3259F7324E8E /* [CP] Embed Pods Frameworks */,
			);
			buildRules = (
			);
			dependencies = (
			);
			name = "Borken Playgrounds";
			productName = "Borken Playgrounds";
			productReference = 3240CAAA217E36E7003F4BDE /* Borken Playgrounds.app */;
			productType = "com.apple.product-type.application";
		};
		3240CABD217E36E9003F4BDE /* Borken PlaygroundsTests */ = {
			isa = PBXNativeTarget;
			buildConfigurationList = 3240CAD5217E36E9003F4BDE /* Build configuration list for PBXNativeTarget "Borken PlaygroundsTests" */;
			buildPhases = (
				A152481AC53D7329DF22CF47 /* [CP] Check Pods Manifest.lock */,
				3240CABA217E36E9003F4BDE /* Sources */,
				3240CABB217E36E9003F4BDE /* Frameworks */,
				3240CABC217E36E9003F4BDE /* Resources */,
			);
			buildRules = (
			);
			dependencies = (
				3240CAC0217E36E9003F4BDE /* PBXTargetDependency */,
			);
			name = "Borken PlaygroundsTests";
			productName = "Borken PlaygroundsTests";
			productReference = 3240CABE217E36E9003F4BDE /* Borken PlaygroundsTests.xctest */;
			productType = "com.apple.product-type.bundle.unit-test";
		};
		3240CAC8217E36E9003F4BDE /* Borken PlaygroundsUITests */ = {
			isa = PBXNativeTarget;
			buildConfigurationList = 3240CAD8217E36E9003F4BDE /* Build configuration list for PBXNativeTarget "Borken PlaygroundsUITests" */;
			buildPhases = (
				5E4F9F39156CCF53150D2A4E /* [CP] Check Pods Manifest.lock */,
				3240CAC5217E36E9003F4BDE /* Sources */,
				3240CAC6217E36E9003F4BDE /* Frameworks */,
				3240CAC7217E36E9003F4BDE /* Resources */,
			);
			buildRules = (
			);
			dependencies = (
				3240CACB217E36E9003F4BDE /* PBXTargetDependency */,
			);
			name = "Borken PlaygroundsUITests";
			productName = "Borken PlaygroundsUITests";
			productReference = 3240CAC9217E36E9003F4BDE /* Borken PlaygroundsUITests.xctest */;
			productType = "com.apple.product-type.bundle.ui-testing";
		};
/* End PBXNativeTarget section */

/* Begin PBXProject section */
		3240CAA2217E36E7003F4BDE /* Project object */ = {
			isa = PBXProject;
			attributes = {
				LastSwiftUpdateCheck = 1000;
				LastUpgradeCheck = 1000;
				ORGANIZATIONNAME = "Jugendwerk Borken";
				TargetAttributes = {
					3240CAA9217E36E7003F4BDE = {
						CreatedOnToolsVersion = 10.0;
						SystemCapabilities = {
							com.apple.BackgroundModes = {
								enabled = 0;
							};
						};
					};
					3240CABD217E36E9003F4BDE = {
						CreatedOnToolsVersion = 10.0;
						TestTargetID = 3240CAA9217E36E7003F4BDE;
					};
					3240CAC8217E36E9003F4BDE = {
						CreatedOnToolsVersion = 10.0;
						TestTargetID = 3240CAA9217E36E7003F4BDE;
					};
				};
			};
			buildConfigurationList = 3240CAA5217E36E7003F4BDE /* Build configuration list for PBXProject "Borken Playgrounds" */;
			compatibilityVersion = "Xcode 9.3";
			developmentRegion = en;
			hasScannedForEncodings = 0;
			knownRegions = (
				en,
				Base,
			);
			mainGroup = 3240CAA1217E36E7003F4BDE;
			productRefGroup = 3240CAAB217E36E7003F4BDE /* Products */;
			projectDirPath = "";
			projectRoot = "";
			targets = (
				3240CAA9217E36E7003F4BDE /* Borken Playgrounds */,
				3240CABD217E36E9003F4BDE /* Borken PlaygroundsTests */,
				3240CAC8217E36E9003F4BDE /* Borken PlaygroundsUITests */,
			);
		};
/* End PBXProject section */

/* Begin PBXResourcesBuildPhase section */
		3240CAA8217E36E7003F4BDE /* Resources */ = {
			isa = PBXResourcesBuildPhase;
			buildActionMask = 2147483647;
			files = (
				32F156622235305E0035FA38 /* RemoteConfigDefaults.plist in Resources */,
				3240CAB8217E36E9003F4BDE /* LaunchScreen.storyboard in Resources */,
				32F2B9DA21B1A6C6004438DA /* GoogleService-Info.plist in Resources */,
				327C98A421BAB85800F19F2C /* Kidsn.ttf in Resources */,
				3240CAB3217E36E7003F4BDE /* Main.storyboard in Resources */,
				328C2FA8223AC3C900206376 /* Assets.xcassets in Resources */,
				32F1566A2235436A0035FA38 /* Settings.bundle in Resources */,
			);
			runOnlyForDeploymentPostprocessing = 0;
		};
		3240CABC217E36E9003F4BDE /* Resources */ = {
			isa = PBXResourcesBuildPhase;
			buildActionMask = 2147483647;
			files = (
			);
			runOnlyForDeploymentPostprocessing = 0;
		};
		3240CAC7217E36E9003F4BDE /* Resources */ = {
			isa = PBXResourcesBuildPhase;
			buildActionMask = 2147483647;
			files = (
			);
			runOnlyForDeploymentPostprocessing = 0;
		};
/* End PBXResourcesBuildPhase section */

/* Begin PBXShellScriptBuildPhase section */
		482DD711926B3259F7324E8E /* [CP] Embed Pods Frameworks */ = {
			isa = PBXShellScriptBuildPhase;
			buildActionMask = 2147483647;
			files = (
			);
			inputPaths = (
				"${SRCROOT}/Pods/Target Support Files/Pods-Borken Playgrounds/Pods-Borken Playgrounds-frameworks.sh",
				"${BUILT_PRODUCTS_DIR}/BoringSSL-GRPC/openssl_grpc.framework",
				"${BUILT_PRODUCTS_DIR}/Carte/Carte.framework",
				"${BUILT_PRODUCTS_DIR}/GoogleUtilities/GoogleUtilities.framework",
				"${BUILT_PRODUCTS_DIR}/ImageSlideshow/ImageSlideshow.framework",
				"${BUILT_PRODUCTS_DIR}/Kingfisher/Kingfisher.framework",
				"${BUILT_PRODUCTS_DIR}/KingfisherWebP/KingfisherWebP.framework",
				"${PODS_ROOT}/Mapbox-iOS-SDK/dynamic/Mapbox.framework",
				"${PODS_ROOT}/Mapbox-iOS-SDK/dynamic/Mapbox.framework.dSYM",
				"${BUILT_PRODUCTS_DIR}/Protobuf/Protobuf.framework",
				"${BUILT_PRODUCTS_DIR}/QuickTableViewController/QuickTableViewController.framework",
				"${BUILT_PRODUCTS_DIR}/SPPermission/SPPermission.framework",
				"${BUILT_PRODUCTS_DIR}/SkeletonView/SkeletonView.framework",
				"${BUILT_PRODUCTS_DIR}/SnapKit/SnapKit.framework",
				"${BUILT_PRODUCTS_DIR}/SparrowKit/SparrowKit.framework",
				"${BUILT_PRODUCTS_DIR}/gRPC-C++/grpcpp.framework",
				"${BUILT_PRODUCTS_DIR}/gRPC-Core/grpc.framework",
				"${BUILT_PRODUCTS_DIR}/leveldb-library/leveldb.framework",
				"${BUILT_PRODUCTS_DIR}/libwebp/libwebp.framework",
				"${BUILT_PRODUCTS_DIR}/nanopb/nanopb.framework",
			);
			name = "[CP] Embed Pods Frameworks";
			outputPaths = (
				"${TARGET_BUILD_DIR}/${FRAMEWORKS_FOLDER_PATH}/openssl_grpc.framework",
				"${TARGET_BUILD_DIR}/${FRAMEWORKS_FOLDER_PATH}/Carte.framework",
				"${TARGET_BUILD_DIR}/${FRAMEWORKS_FOLDER_PATH}/GoogleUtilities.framework",
				"${TARGET_BUILD_DIR}/${FRAMEWORKS_FOLDER_PATH}/ImageSlideshow.framework",
				"${TARGET_BUILD_DIR}/${FRAMEWORKS_FOLDER_PATH}/Kingfisher.framework",
				"${TARGET_BUILD_DIR}/${FRAMEWORKS_FOLDER_PATH}/KingfisherWebP.framework",
				"${TARGET_BUILD_DIR}/${FRAMEWORKS_FOLDER_PATH}/Mapbox.framework",
				"${DWARF_DSYM_FOLDER_PATH}/Mapbox.framework.dSYM",
				"${TARGET_BUILD_DIR}/${FRAMEWORKS_FOLDER_PATH}/Protobuf.framework",
				"${TARGET_BUILD_DIR}/${FRAMEWORKS_FOLDER_PATH}/QuickTableViewController.framework",
				"${TARGET_BUILD_DIR}/${FRAMEWORKS_FOLDER_PATH}/SPPermission.framework",
				"${TARGET_BUILD_DIR}/${FRAMEWORKS_FOLDER_PATH}/SkeletonView.framework",
				"${TARGET_BUILD_DIR}/${FRAMEWORKS_FOLDER_PATH}/SnapKit.framework",
				"${TARGET_BUILD_DIR}/${FRAMEWORKS_FOLDER_PATH}/SparrowKit.framework",
				"${TARGET_BUILD_DIR}/${FRAMEWORKS_FOLDER_PATH}/grpcpp.framework",
				"${TARGET_BUILD_DIR}/${FRAMEWORKS_FOLDER_PATH}/grpc.framework",
				"${TARGET_BUILD_DIR}/${FRAMEWORKS_FOLDER_PATH}/leveldb.framework",
				"${TARGET_BUILD_DIR}/${FRAMEWORKS_FOLDER_PATH}/libwebp.framework",
				"${TARGET_BUILD_DIR}/${FRAMEWORKS_FOLDER_PATH}/nanopb.framework",
			);
			runOnlyForDeploymentPostprocessing = 0;
			shellPath = /bin/sh;
			shellScript = "\"${SRCROOT}/Pods/Target Support Files/Pods-Borken Playgrounds/Pods-Borken Playgrounds-frameworks.sh\"\n";
			showEnvVarsInLog = 0;
		};
		5E4F9F39156CCF53150D2A4E /* [CP] Check Pods Manifest.lock */ = {
			isa = PBXShellScriptBuildPhase;
			buildActionMask = 2147483647;
			files = (
			);
			inputPaths = (
				"${PODS_PODFILE_DIR_PATH}/Podfile.lock",
				"${PODS_ROOT}/Manifest.lock",
			);
			name = "[CP] Check Pods Manifest.lock";
			outputPaths = (
				"$(DERIVED_FILE_DIR)/Pods-Borken PlaygroundsUITests-checkManifestLockResult.txt",
			);
			runOnlyForDeploymentPostprocessing = 0;
			shellPath = /bin/sh;
			shellScript = "diff \"${PODS_PODFILE_DIR_PATH}/Podfile.lock\" \"${PODS_ROOT}/Manifest.lock\" > /dev/null\nif [ $? != 0 ] ; then\n    # print error to STDERR\n    echo \"error: The sandbox is not in sync with the Podfile.lock. Run 'pod install' or update your CocoaPods installation.\" >&2\n    exit 1\nfi\n# This output is used by Xcode 'outputs' to avoid re-running this script phase.\necho \"SUCCESS\" > \"${SCRIPT_OUTPUT_FILE_0}\"\n";
			showEnvVarsInLog = 0;
		};
		81D09D7EDC6DFA081D037025 /* [CP] Check Pods Manifest.lock */ = {
			isa = PBXShellScriptBuildPhase;
			buildActionMask = 2147483647;
			files = (
			);
			inputPaths = (
				"${PODS_PODFILE_DIR_PATH}/Podfile.lock",
				"${PODS_ROOT}/Manifest.lock",
			);
			name = "[CP] Check Pods Manifest.lock";
			outputPaths = (
				"$(DERIVED_FILE_DIR)/Pods-Borken Playgrounds-checkManifestLockResult.txt",
			);
			runOnlyForDeploymentPostprocessing = 0;
			shellPath = /bin/sh;
			shellScript = "diff \"${PODS_PODFILE_DIR_PATH}/Podfile.lock\" \"${PODS_ROOT}/Manifest.lock\" > /dev/null\nif [ $? != 0 ] ; then\n    # print error to STDERR\n    echo \"error: The sandbox is not in sync with the Podfile.lock. Run 'pod install' or update your CocoaPods installation.\" >&2\n    exit 1\nfi\n# This output is used by Xcode 'outputs' to avoid re-running this script phase.\necho \"SUCCESS\" > \"${SCRIPT_OUTPUT_FILE_0}\"\n";
			showEnvVarsInLog = 0;
		};
		A152481AC53D7329DF22CF47 /* [CP] Check Pods Manifest.lock */ = {
			isa = PBXShellScriptBuildPhase;
			buildActionMask = 2147483647;
			files = (
			);
			inputPaths = (
				"${PODS_PODFILE_DIR_PATH}/Podfile.lock",
				"${PODS_ROOT}/Manifest.lock",
			);
			name = "[CP] Check Pods Manifest.lock";
			outputPaths = (
				"$(DERIVED_FILE_DIR)/Pods-Borken PlaygroundsTests-checkManifestLockResult.txt",
			);
			runOnlyForDeploymentPostprocessing = 0;
			shellPath = /bin/sh;
			shellScript = "diff \"${PODS_PODFILE_DIR_PATH}/Podfile.lock\" \"${PODS_ROOT}/Manifest.lock\" > /dev/null\nif [ $? != 0 ] ; then\n    # print error to STDERR\n    echo \"error: The sandbox is not in sync with the Podfile.lock. Run 'pod install' or update your CocoaPods installation.\" >&2\n    exit 1\nfi\n# This output is used by Xcode 'outputs' to avoid re-running this script phase.\necho \"SUCCESS\" > \"${SCRIPT_OUTPUT_FILE_0}\"\n";
			showEnvVarsInLog = 0;
		};
/* End PBXShellScriptBuildPhase section */

/* Begin PBXSourcesBuildPhase section */
		3240CAA6217E36E7003F4BDE /* Sources */ = {
			isa = PBXSourcesBuildPhase;
			buildActionMask = 2147483647;
			files = (
				3260345A223402ED009D75A4 /* User.swift in Sources */,
				322924C321B2D2D800F3ECDB /* PlaygroundElement.swift in Sources */,
				32F1566F223546580035FA38 /* AvatarViewController.swift in Sources */,
				3240CAB0217E36E7003F4BDE /* ViewController.swift in Sources */,
				3220FB3B21B272CD00294B3F /* PlaygroundAnnotation.swift in Sources */,
				32F1566D223543910035FA38 /* SettingsBundleHelper.swift in Sources */,
				3240CAAE217E36E7003F4BDE /* AppDelegate.swift in Sources */,
				32F15664223538900035FA38 /* PlaygroundNotifications.swift in Sources */,
				3220FB3E21B2795500294B3F /* CustomImageAnnotationView.swift in Sources */,
				322924C121B2CF0D00F3ECDB /* PlaygroundElementViewCell.swift in Sources */,
				3220FB3821B2723800294B3F /* Playground.swift in Sources */,
				322924C521B2DBB600F3ECDB /* ColumnFlowLayout.swift in Sources */,
				32093771222EFE96002BF2B8 /* SimplePlaygroundElementViewCell.swift in Sources */,
				322924BE21B2CE1F00F3ECDB /* PlaygroundElementViewController.swift in Sources */,
				32F15668223542C20035FA38 /* SettingsViewController.swift in Sources */,
				3260345C2234244E009D75A4 /* AvatarAnnotation.swift in Sources */,
				3260345E22342474009D75A4 /* CustomAvatarAnnotationView.swift in Sources */,
				3220FB4021B27D4400294B3F /* PlaygroundViewController.swift in Sources */,
				32F1566622353B450035FA38 /* AvatarSettings.swift in Sources */,
				328C2FAA223AC6D800206376 /* SimpleWebViewController.swift in Sources */,
			);
			runOnlyForDeploymentPostprocessing = 0;
		};
		3240CABA217E36E9003F4BDE /* Sources */ = {
			isa = PBXSourcesBuildPhase;
			buildActionMask = 2147483647;
			files = (
				3240CAC3217E36E9003F4BDE /* Borken_PlaygroundsTests.swift in Sources */,
			);
			runOnlyForDeploymentPostprocessing = 0;
		};
		3240CAC5217E36E9003F4BDE /* Sources */ = {
			isa = PBXSourcesBuildPhase;
			buildActionMask = 2147483647;
			files = (
				3240CACE217E36E9003F4BDE /* Borken_PlaygroundsUITests.swift in Sources */,
			);
			runOnlyForDeploymentPostprocessing = 0;
		};
/* End PBXSourcesBuildPhase section */

/* Begin PBXTargetDependency section */
		3240CAC0217E36E9003F4BDE /* PBXTargetDependency */ = {
			isa = PBXTargetDependency;
			target = 3240CAA9217E36E7003F4BDE /* Borken Playgrounds */;
			targetProxy = 3240CABF217E36E9003F4BDE /* PBXContainerItemProxy */;
		};
		3240CACB217E36E9003F4BDE /* PBXTargetDependency */ = {
			isa = PBXTargetDependency;
			target = 3240CAA9217E36E7003F4BDE /* Borken Playgrounds */;
			targetProxy = 3240CACA217E36E9003F4BDE /* PBXContainerItemProxy */;
		};
/* End PBXTargetDependency section */

/* Begin PBXVariantGroup section */
		3240CAB1217E36E7003F4BDE /* Main.storyboard */ = {
			isa = PBXVariantGroup;
			children = (
				3240CAB2217E36E7003F4BDE /* Base */,
			);
			name = Main.storyboard;
			sourceTree = "<group>";
		};
		3240CAB6217E36E9003F4BDE /* LaunchScreen.storyboard */ = {
			isa = PBXVariantGroup;
			children = (
				3240CAB7217E36E9003F4BDE /* Base */,
			);
			name = LaunchScreen.storyboard;
			sourceTree = "<group>";
		};
/* End PBXVariantGroup section */

/* Begin XCBuildConfiguration section */
		3240CAD0217E36E9003F4BDE /* Debug */ = {
			isa = XCBuildConfiguration;
			buildSettings = {
				ALWAYS_SEARCH_USER_PATHS = NO;
				CLANG_ANALYZER_NONNULL = YES;
				CLANG_ANALYZER_NUMBER_OBJECT_CONVERSION = YES_AGGRESSIVE;
				CLANG_CXX_LANGUAGE_STANDARD = "gnu++14";
				CLANG_CXX_LIBRARY = "libc++";
				CLANG_ENABLE_MODULES = YES;
				CLANG_ENABLE_OBJC_ARC = YES;
				CLANG_ENABLE_OBJC_WEAK = YES;
				CLANG_WARN_BLOCK_CAPTURE_AUTORELEASING = YES;
				CLANG_WARN_BOOL_CONVERSION = YES;
				CLANG_WARN_COMMA = YES;
				CLANG_WARN_CONSTANT_CONVERSION = YES;
				CLANG_WARN_DEPRECATED_OBJC_IMPLEMENTATIONS = YES;
				CLANG_WARN_DIRECT_OBJC_ISA_USAGE = YES_ERROR;
				CLANG_WARN_DOCUMENTATION_COMMENTS = YES;
				CLANG_WARN_EMPTY_BODY = YES;
				CLANG_WARN_ENUM_CONVERSION = YES;
				CLANG_WARN_INFINITE_RECURSION = YES;
				CLANG_WARN_INT_CONVERSION = YES;
				CLANG_WARN_NON_LITERAL_NULL_CONVERSION = YES;
				CLANG_WARN_OBJC_IMPLICIT_RETAIN_SELF = YES;
				CLANG_WARN_OBJC_LITERAL_CONVERSION = YES;
				CLANG_WARN_OBJC_ROOT_CLASS = YES_ERROR;
				CLANG_WARN_RANGE_LOOP_ANALYSIS = YES;
				CLANG_WARN_STRICT_PROTOTYPES = YES;
				CLANG_WARN_SUSPICIOUS_MOVE = YES;
				CLANG_WARN_UNGUARDED_AVAILABILITY = YES_AGGRESSIVE;
				CLANG_WARN_UNREACHABLE_CODE = YES;
				CLANG_WARN__DUPLICATE_METHOD_MATCH = YES;
				CODE_SIGN_IDENTITY = "iPhone Developer";
				COPY_PHASE_STRIP = NO;
				DEBUG_INFORMATION_FORMAT = dwarf;
				ENABLE_STRICT_OBJC_MSGSEND = YES;
				ENABLE_TESTABILITY = YES;
				GCC_C_LANGUAGE_STANDARD = gnu11;
				GCC_DYNAMIC_NO_PIC = NO;
				GCC_NO_COMMON_BLOCKS = YES;
				GCC_OPTIMIZATION_LEVEL = 0;
				GCC_PREPROCESSOR_DEFINITIONS = (
					"DEBUG=1",
					"$(inherited)",
				);
				GCC_WARN_64_TO_32_BIT_CONVERSION = YES;
				GCC_WARN_ABOUT_RETURN_TYPE = YES_ERROR;
				GCC_WARN_UNDECLARED_SELECTOR = YES;
				GCC_WARN_UNINITIALIZED_AUTOS = YES_AGGRESSIVE;
				GCC_WARN_UNUSED_FUNCTION = YES;
				GCC_WARN_UNUSED_VARIABLE = YES;
				IPHONEOS_DEPLOYMENT_TARGET = 11.0;
				MTL_ENABLE_DEBUG_INFO = INCLUDE_SOURCE;
				MTL_FAST_MATH = YES;
				ONLY_ACTIVE_ARCH = YES;
				SDKROOT = iphoneos;
				SWIFT_ACTIVE_COMPILATION_CONDITIONS = DEBUG;
				SWIFT_OPTIMIZATION_LEVEL = "-Onone";
			};
			name = Debug;
		};
		3240CAD1217E36E9003F4BDE /* Release */ = {
			isa = XCBuildConfiguration;
			buildSettings = {
				ALWAYS_SEARCH_USER_PATHS = NO;
				CLANG_ANALYZER_NONNULL = YES;
				CLANG_ANALYZER_NUMBER_OBJECT_CONVERSION = YES_AGGRESSIVE;
				CLANG_CXX_LANGUAGE_STANDARD = "gnu++14";
				CLANG_CXX_LIBRARY = "libc++";
				CLANG_ENABLE_MODULES = YES;
				CLANG_ENABLE_OBJC_ARC = YES;
				CLANG_ENABLE_OBJC_WEAK = YES;
				CLANG_WARN_BLOCK_CAPTURE_AUTORELEASING = YES;
				CLANG_WARN_BOOL_CONVERSION = YES;
				CLANG_WARN_COMMA = YES;
				CLANG_WARN_CONSTANT_CONVERSION = YES;
				CLANG_WARN_DEPRECATED_OBJC_IMPLEMENTATIONS = YES;
				CLANG_WARN_DIRECT_OBJC_ISA_USAGE = YES_ERROR;
				CLANG_WARN_DOCUMENTATION_COMMENTS = YES;
				CLANG_WARN_EMPTY_BODY = YES;
				CLANG_WARN_ENUM_CONVERSION = YES;
				CLANG_WARN_INFINITE_RECURSION = YES;
				CLANG_WARN_INT_CONVERSION = YES;
				CLANG_WARN_NON_LITERAL_NULL_CONVERSION = YES;
				CLANG_WARN_OBJC_IMPLICIT_RETAIN_SELF = YES;
				CLANG_WARN_OBJC_LITERAL_CONVERSION = YES;
				CLANG_WARN_OBJC_ROOT_CLASS = YES_ERROR;
				CLANG_WARN_RANGE_LOOP_ANALYSIS = YES;
				CLANG_WARN_STRICT_PROTOTYPES = YES;
				CLANG_WARN_SUSPICIOUS_MOVE = YES;
				CLANG_WARN_UNGUARDED_AVAILABILITY = YES_AGGRESSIVE;
				CLANG_WARN_UNREACHABLE_CODE = YES;
				CLANG_WARN__DUPLICATE_METHOD_MATCH = YES;
				CODE_SIGN_IDENTITY = "iPhone Developer";
				COPY_PHASE_STRIP = NO;
				DEBUG_INFORMATION_FORMAT = "dwarf-with-dsym";
				ENABLE_NS_ASSERTIONS = NO;
				ENABLE_STRICT_OBJC_MSGSEND = YES;
				GCC_C_LANGUAGE_STANDARD = gnu11;
				GCC_NO_COMMON_BLOCKS = YES;
				GCC_WARN_64_TO_32_BIT_CONVERSION = YES;
				GCC_WARN_ABOUT_RETURN_TYPE = YES_ERROR;
				GCC_WARN_UNDECLARED_SELECTOR = YES;
				GCC_WARN_UNINITIALIZED_AUTOS = YES_AGGRESSIVE;
				GCC_WARN_UNUSED_FUNCTION = YES;
				GCC_WARN_UNUSED_VARIABLE = YES;
				IPHONEOS_DEPLOYMENT_TARGET = 11.0;
				MTL_ENABLE_DEBUG_INFO = NO;
				MTL_FAST_MATH = YES;
				SDKROOT = iphoneos;
				SWIFT_COMPILATION_MODE = wholemodule;
				SWIFT_OPTIMIZATION_LEVEL = "-O";
				VALIDATE_PRODUCT = YES;
			};
			name = Release;
		};
		3240CAD3217E36E9003F4BDE /* Debug */ = {
			isa = XCBuildConfiguration;
			baseConfigurationReference = EFBFA8B752855947A449B546 /* Pods-Borken Playgrounds.debug.xcconfig */;
			buildSettings = {
				ASSETCATALOG_COMPILER_APPICON_NAME = AppIcon;
				CODE_SIGN_STYLE = Automatic;
				DEVELOPMENT_TEAM = GB2MXMGR6R;
				INFOPLIST_FILE = "Borken Playgrounds/Info.plist";
				IPHONEOS_DEPLOYMENT_TARGET = 11.0;
				LD_RUNPATH_SEARCH_PATHS = (
					"$(inherited)",
					"@executable_path/Frameworks",
				);
				PRODUCT_BUNDLE_IDENTIFIER = "de.borken.playgrounds.borkenplaygrounds.Borken-Playgrounds";
				PRODUCT_NAME = "$(TARGET_NAME)";
				SWIFT_VERSION = 4.2;
				TARGETED_DEVICE_FAMILY = "1,2";
			};
			name = Debug;
		};
		3240CAD4217E36E9003F4BDE /* Release */ = {
			isa = XCBuildConfiguration;
			baseConfigurationReference = 4C2CED1DBE7DC78AEE467374 /* Pods-Borken Playgrounds.release.xcconfig */;
			buildSettings = {
				ASSETCATALOG_COMPILER_APPICON_NAME = AppIcon;
				CODE_SIGN_STYLE = Automatic;
				DEVELOPMENT_TEAM = GB2MXMGR6R;
				INFOPLIST_FILE = "Borken Playgrounds/Info.plist";
				IPHONEOS_DEPLOYMENT_TARGET = 11.0;
				LD_RUNPATH_SEARCH_PATHS = (
					"$(inherited)",
					"@executable_path/Frameworks",
				);
				PRODUCT_BUNDLE_IDENTIFIER = "de.borken.playgrounds.borkenplaygrounds.Borken-Playgrounds";
				PRODUCT_NAME = "$(TARGET_NAME)";
				SWIFT_VERSION = 4.2;
				TARGETED_DEVICE_FAMILY = "1,2";
			};
			name = Release;
		};
		3240CAD6217E36E9003F4BDE /* Debug */ = {
			isa = XCBuildConfiguration;
			baseConfigurationReference = 6C5035227F7BF33653A3989F /* Pods-Borken PlaygroundsTests.debug.xcconfig */;
			buildSettings = {
				ALWAYS_EMBED_SWIFT_STANDARD_LIBRARIES = YES;
				BUNDLE_LOADER = "$(TEST_HOST)";
				CODE_SIGN_STYLE = Automatic;
				DEVELOPMENT_TEAM = FK43QMRU3M;
				INFOPLIST_FILE = "Borken PlaygroundsTests/Info.plist";
				LD_RUNPATH_SEARCH_PATHS = (
					"$(inherited)",
					"@executable_path/Frameworks",
					"@loader_path/Frameworks",
				);
				PRODUCT_BUNDLE_IDENTIFIER = "de.borken.playgrounds.borkenplaygrounds.Borken-PlaygroundsTests";
				PRODUCT_NAME = "$(TARGET_NAME)";
				SWIFT_VERSION = 4.2;
				TARGETED_DEVICE_FAMILY = "1,2";
				TEST_HOST = "$(BUILT_PRODUCTS_DIR)/Borken Playgrounds.app/Borken Playgrounds";
			};
			name = Debug;
		};
		3240CAD7217E36E9003F4BDE /* Release */ = {
			isa = XCBuildConfiguration;
			baseConfigurationReference = B9D38EE033A8B5B0C2935A89 /* Pods-Borken PlaygroundsTests.release.xcconfig */;
			buildSettings = {
				ALWAYS_EMBED_SWIFT_STANDARD_LIBRARIES = YES;
				BUNDLE_LOADER = "$(TEST_HOST)";
				CODE_SIGN_STYLE = Automatic;
				DEVELOPMENT_TEAM = FK43QMRU3M;
				INFOPLIST_FILE = "Borken PlaygroundsTests/Info.plist";
				LD_RUNPATH_SEARCH_PATHS = (
					"$(inherited)",
					"@executable_path/Frameworks",
					"@loader_path/Frameworks",
				);
				PRODUCT_BUNDLE_IDENTIFIER = "de.borken.playgrounds.borkenplaygrounds.Borken-PlaygroundsTests";
				PRODUCT_NAME = "$(TARGET_NAME)";
				SWIFT_VERSION = 4.2;
				TARGETED_DEVICE_FAMILY = "1,2";
				TEST_HOST = "$(BUILT_PRODUCTS_DIR)/Borken Playgrounds.app/Borken Playgrounds";
			};
			name = Release;
		};
		3240CAD9217E36E9003F4BDE /* Debug */ = {
			isa = XCBuildConfiguration;
			baseConfigurationReference = 3BA623A4AA1A0484E7192B89 /* Pods-Borken PlaygroundsUITests.debug.xcconfig */;
			buildSettings = {
				ALWAYS_EMBED_SWIFT_STANDARD_LIBRARIES = YES;
				CODE_SIGN_STYLE = Automatic;
				DEVELOPMENT_TEAM = FK43QMRU3M;
				INFOPLIST_FILE = "Borken PlaygroundsUITests/Info.plist";
				LD_RUNPATH_SEARCH_PATHS = (
					"$(inherited)",
					"@executable_path/Frameworks",
					"@loader_path/Frameworks",
				);
				PRODUCT_BUNDLE_IDENTIFIER = "de.borken.playgrounds.borkenplaygrounds.Borken-PlaygroundsUITests";
				PRODUCT_NAME = "$(TARGET_NAME)";
				SWIFT_VERSION = 4.2;
				TARGETED_DEVICE_FAMILY = "1,2";
				TEST_TARGET_NAME = "Borken Playgrounds";
			};
			name = Debug;
		};
		3240CADA217E36E9003F4BDE /* Release */ = {
			isa = XCBuildConfiguration;
			baseConfigurationReference = B0DDA573B27C52F31917CBD2 /* Pods-Borken PlaygroundsUITests.release.xcconfig */;
			buildSettings = {
				ALWAYS_EMBED_SWIFT_STANDARD_LIBRARIES = YES;
				CODE_SIGN_STYLE = Automatic;
				DEVELOPMENT_TEAM = FK43QMRU3M;
				INFOPLIST_FILE = "Borken PlaygroundsUITests/Info.plist";
				LD_RUNPATH_SEARCH_PATHS = (
					"$(inherited)",
					"@executable_path/Frameworks",
					"@loader_path/Frameworks",
				);
				PRODUCT_BUNDLE_IDENTIFIER = "de.borken.playgrounds.borkenplaygrounds.Borken-PlaygroundsUITests";
				PRODUCT_NAME = "$(TARGET_NAME)";
				SWIFT_VERSION = 4.2;
				TARGETED_DEVICE_FAMILY = "1,2";
				TEST_TARGET_NAME = "Borken Playgrounds";
			};
			name = Release;
		};
/* End XCBuildConfiguration section */

/* Begin XCConfigurationList section */
		3240CAA5217E36E7003F4BDE /* Build configuration list for PBXProject "Borken Playgrounds" */ = {
			isa = XCConfigurationList;
			buildConfigurations = (
				3240CAD0217E36E9003F4BDE /* Debug */,
				3240CAD1217E36E9003F4BDE /* Release */,
			);
			defaultConfigurationIsVisible = 0;
			defaultConfigurationName = Release;
		};
		3240CAD2217E36E9003F4BDE /* Build configuration list for PBXNativeTarget "Borken Playgrounds" */ = {
			isa = XCConfigurationList;
			buildConfigurations = (
				3240CAD3217E36E9003F4BDE /* Debug */,
				3240CAD4217E36E9003F4BDE /* Release */,
			);
			defaultConfigurationIsVisible = 0;
			defaultConfigurationName = Release;
		};
		3240CAD5217E36E9003F4BDE /* Build configuration list for PBXNativeTarget "Borken PlaygroundsTests" */ = {
			isa = XCConfigurationList;
			buildConfigurations = (
				3240CAD6217E36E9003F4BDE /* Debug */,
				3240CAD7217E36E9003F4BDE /* Release */,
			);
			defaultConfigurationIsVisible = 0;
			defaultConfigurationName = Release;
		};
		3240CAD8217E36E9003F4BDE /* Build configuration list for PBXNativeTarget "Borken PlaygroundsUITests" */ = {
			isa = XCConfigurationList;
			buildConfigurations = (
				3240CAD9217E36E9003F4BDE /* Debug */,
				3240CADA217E36E9003F4BDE /* Release */,
			);
			defaultConfigurationIsVisible = 0;
			defaultConfigurationName = Release;
		};
/* End XCConfigurationList section */
	};
	rootObject = 3240CAA2217E36E7003F4BDE /* Project object */;
}
